
Microsoft Visual Studio Solution File, Format Version 12.00
# Visual Studio Version 16
VisualStudioVersion = 16.0.30523.141
MinimumVisualStudioVersion = 10.0.40219.1
Project("{FAE04EC0-301F-11D3-BF4B-00C04F79EFBC}") = "Задача.21", "Задача.21\Задача.21.csproj", "{F33D4DA1-8FA0-4323-AA91-4ECDA8BCBE64}"
EndProject
Global
	GlobalSection(SolutionConfigurationPlatforms) = preSolution
		Debug|Any CPU = Debug|Any CPU
		Release|Any CPU = Release|Any CPU
	EndGlobalSection
	GlobalSection(ProjectConfigurationPlatforms) = postSolution
		{F33D4DA1-8FA0-4323-AA91-4ECDA8BCBE64}.Debug|Any CPU.ActiveCfg = Debug|Any CPU
		{F33D4DA1-8FA0-4323-AA91-4ECDA8BCBE64}.Debug|Any CPU.Build.0 = Debug|Any CPU
		{F33D4DA1-8FA0-4323-AA91-4ECDA8BCBE64}.Release|Any CPU.ActiveCfg = Release|Any CPU
		{F33D4DA1-8FA0-4323-AA91-4ECDA8BCBE64}.Release|Any CPU.Build.0 = Release|Any CPU
	EndGlobalSection
	GlobalSection(SolutionProperties) = preSolution
		HideSolutionNode = FALSE
	EndGlobalSection
	GlobalSection(ExtensibilityGlobals) = postSolution
		SolutionGuid = {33FFAB5F-5644-4592-A41A-EEC979F200D3}
	EndGlobalSection
EndGlobal
